lockfileVersion: '6.0'

settings:
  autoInstallPeers: true
  excludeLinksFromLockfile: false

dependencies:
  '@tanstack/react-query':
    specifier: ^5
    version: 5.100.9(react@19.2.6)
  zod:
    specifier: ^3
    version: 3.25.76

packages:

  /@tanstack/query-core@5.100.9:
    resolution: {integrity: sha512-SJSFw1S8+kQ0+knv/XGfrbocWoAlT7vDKsSImtLx3ZPQmEcR46hkDjLSvynSy25N8Ms4tIEini1FuBd5k7IscQ==}
    dev: false

  /@tanstack/react-query@5.100.9(react@19.2.6):
    resolution: {integrity: sha512-Oa44XkaI3kCNN6ME0KByU3xT3SEUNOMfZpHxL6+wFoTm+OeUFYHKdeYVe0aOXlRDm/f15sgLwEt2HDorIdW8+A==}
    peerDependencies:
      react: ^18 || ^19
    dependencies:
      '@tanstack/query-core': 5.100.9
      react: 19.2.6
    dev: false

  /react@19.2.6:
    resolution: {integrity: sha512-sfWGGfavi0xr8Pg0sVsyHMAOziVYKgPLNrS7ig+ivMNb3wbCBw3KxtflsGBAwD3gYQlE/AEZsTLgToRrSCjb0Q==}
    engines: {node: '>=0.10.0'}
    dev: false

  /zod@3.25.76:
    resolution: {integrity: sha512-gzUt/qt81nXsFGKIFcC3YnfEAx5NkunCfnDlvuBSSFS02bcXu4Lmea0AFIUwbLWxWPx3d9p8S5QoaujKcNQxcQ==}
    dev: false
